// !$*UTF8*$!
{
	archiveVersion = 1;
	classes = {
	};
	objectVersion = 46;
	objects = {

/* Begin PBXBuildFile section */
		2533F8BAEEE5A40878D893A1 /* libPods.a in Frameworks */ = {isa = PBXBuildFile; fileRef = 1E202B9C53FD4890B271391D /* libPods.a */; };
		25F11AF21CE4A41100CCE314 /* main.m in Sources */ = {isa = PBXBuildFile; fileRef = 25F11AF11CE4A41100CCE314 /* main.m */; };
		25F11AF51CE4A41100CCE314 /* AppDelegate.m in Sources */ = {isa = PBXBuildFile; fileRef = 25F11AF41CE4A41100CCE314 /* AppDelegate.m */; };
		25F11AF81CE4A41100CCE314 /* ViewController.m in Sources */ = {isa = PBXBuildFile; fileRef = 25F11AF71CE4A41100CCE314 /* ViewController.m */; };
		25F11AFB1CE4A41100CCE314 /* Main.storyboard in Resources */ = {isa = PBXBuildFile; fileRef = 25F11AF91CE4A41100CCE314 /* Main.storyboard */; };
		25F11AFD1CE4A41100CCE314 /* Assets.xcassets in Resources */ = {isa = PBXBuildFile; fileRef = 25F11AFC1CE4A41100CCE314 /* Assets.xcassets */; };
		25F11B001CE4A41100CCE314 /* LaunchScreen.storyboard in Resources */ = {isa = PBXBuildFile; fileRef = 25F11AFE1CE4A41100CCE314 /* LaunchScreen.storyboard */; };
		25F11B131CE4A52F00CCE314 /* SCActivityIndicatorView.m in Sources */ = {isa = PBXBuildFile; fileRef = 25F11B091CE4A52F00CCE314 /* SCActivityIndicatorView.m */; };
		25F11B151CE4A52F00CCE314 /* SCPictureBrowser.m in Sources */ = {isa = PBXBuildFile; fileRef = 25F11B0C1CE4A52F00CCE314 /* SCPictureBrowser.m */; };
		25F11B161CE4A52F00CCE314 /* SCPictureCell.m in Sources */ = {isa = PBXBuildFile; fileRef = 25F11B0E1CE4A52F00CCE314 /* SCPictureCell.m */; };
		25F11B171CE4A52F00CCE314 /* SCPictureItem.m in Sources */ = {isa = PBXBuildFile; fileRef = 25F11B101CE4A52F00CCE314 /* SCPictureItem.m */; };
		25F11B181CE4A52F00CCE314 /* SCToastView.m in Sources */ = {isa = PBXBuildFile; fileRef = 25F11B121CE4A52F00CCE314 /* SCToastView.m */; };
		25F11B221CE4B9B200CCE314 /* loading_circle@2x.png in Resources */ = {isa = PBXBuildFile; fileRef = 25F11B1C1CE4B9B200CCE314 /* loading_circle@2x.png */; };
		25F11B231CE4B9B200CCE314 /* loading_circle@3x.png in Resources */ = {isa = PBXBuildFile; fileRef = 25F11B1D1CE4B9B200CCE314 /* loading_circle@3x.png */; };
		25F11B241CE4B9B200CCE314 /* loading_circle_large@2x.png in Resources */ = {isa = PBXBuildFile; fileRef = 25F11B1E1CE4B9B200CCE314 /* loading_circle_large@2x.png */; };
		25F11B251CE4B9B200CCE314 /* loading_circle_large@3x.png in Resources */ = {isa = PBXBuildFile; fileRef = 25F11B1F1CE4B9B200CCE314 /* loading_circle_large@3x.png */; };
		25F11B261CE4B9B200CCE314 /* trash@2x.png in Resources */ = {isa = PBXBuildFile; fileRef = 25F11B201CE4B9B200CCE314 /* trash@2x.png */; };
		25F11B271CE4B9B200CCE314 /* trash@3x.png in Resources */ = {isa = PBXBuildFile; fileRef = 25F11B211CE4B9B200CCE314 /* trash@3x.png */; };
/* End PBXBuildFile section */

/* Begin PBXFileReference section */
		1E202B9C53FD4890B271391D /* libPods.a */ = {isa = PBXFileReference; explicitFileType = archive.ar; includeInIndex = 0; path = libPods.a; sourceTree = BUILT_PRODUCTS_DIR; };
		25F11AED1CE4A41100CCE314 /* SCPictureBrowser.app */ = {isa = PBXFileReference; explicitFileType = wrapper.application; includeInIndex = 0; path = SCPictureBrowser.app; sourceTree = BUILT_PRODUCTS_DIR; };
		25F11AF11CE4A41100CCE314 /* main.m */ = {isa = PBXFileReference; lastKnownFileType = sourcecode.c.objc; path = main.m; sourceTree = "<group>"; };
		25F11AF31CE4A41100CCE314 /* AppDelegate.h */ = {isa = PBXFileReference; lastKnownFileType = sourcecode.c.h; path = AppDelegate.h; sourceTree = "<group>"; };
		25F11AF41CE4A41100CCE314 /* AppDelegate.m */ = {isa = PBXFileReference; lastKnownFileType = sourcecode.c.objc; path = AppDelegate.m; sourceTree = "<group>"; };
		25F11AF61CE4A41100CCE314 /* ViewController.h */ = {isa = PBXFileReference; lastKnownFileType = sourcecode.c.h; path = ViewController.h; sourceTree = "<group>"; };
		25F11AF71CE4A41100CCE314 /* ViewController.m */ = {isa = PBXFileReference; lastKnownFileType = sourcecode.c.objc; path = ViewController.m; sourceTree = "<group>"; };
		25F11AFA1CE4A41100CCE314 /* Base */ = {isa = PBXFileReference; lastKnownFileType = file.storyboard; name = Base; path = Base.lproj/Main.storyboard; sourceTree = "<group>"; };
		25F11AFC1CE4A41100CCE314 /* Assets.xcassets */ = {isa = PBXFileReference; lastKnownFileType = folder.assetcatalog; path = Assets.xcassets; sourceTree = "<group>"; };
		25F11AFF1CE4A41100CCE314 /* Base */ = {isa = PBXFileReference; lastKnownFileType = file.storyboard; name = Base; path = Base.lproj/LaunchScreen.storyboard; sourceTree = "<group>"; };
		25F11B011CE4A41100CCE314 /* Info.plist */ = {isa = PBXFileReference; lastKnownFileType = text.plist.xml; path = Info.plist; sourceTree = "<group>"; };
		25F11B081CE4A52F00CCE314 /* SCActivityIndicatorView.h */ = {isa = PBXFileReference; fileEncoding = 4; lastKnownFileType = sourcecode.c.h; path = SCActivityIndicatorView.h; sourceTree = "<group>"; };
		25F11B091CE4A52F00CCE314 /* SCActivityIndicatorView.m */ = {isa = PBXFileReference; fileEncoding = 4; lastKnownFileType = sourcecode.c.objc; path = SCActivityIndicatorView.m; sourceTree = "<group>"; };
		25F11B0B1CE4A52F00CCE314 /* SCPictureBrowser.h */ = {isa = PBXFileReference; fileEncoding = 4; lastKnownFileType = sourcecode.c.h; path = SCPictureBrowser.h; sourceTree = "<group>"; };
		25F11B0C1CE4A52F00CCE314 /* SCPictureBrowser.m */ = {isa = PBXFileReference; fileEncoding = 4; lastKnownFileType = sourcecode.c.objc; path = SCPictureBrowser.m; sourceTree = "<group>"; };
		25F11B0D1CE4A52F00CCE314 /* SCPictureCell.h */ = {isa = PBXFileReference; fileEncoding = 4; lastKnownFileType = sourcecode.c.h; path = SCPictureCell.h; sourceTree = "<group>"; };
		25F11B0E1CE4A52F00CCE314 /* SCPictureCell.m */ = {isa = PBXFileReference; fileEncoding = 4; lastKnownFileType = sourcecode.c.objc; path = SCPictureCell.m; sourceTree = "<group>"; };
		25F11B0F1CE4A52F00CCE314 /* SCPictureItem.h */ = {isa = PBXFileReference; fileEncoding = 4; lastKnownFileType = sourcecode.c.h; path = SCPictureItem.h; sourceTree = "<group>"; };
		25F11B101CE4A52F00CCE314 /* SCPictureItem.m */ = {isa = PBXFileReference; fileEncoding = 4; lastKnownFileType = sourcecode.c.objc; path = SCPictureItem.m; sourceTree = "<group>"; };
		25F11B111CE4A52F00CCE314 /* SCToastView.h */ = {isa = PBXFileReference; fileEncoding = 4; lastKnownFileType = sourcecode.c.h; path = SCToastView.h; sourceTree = "<group>"; };
		25F11B121CE4A52F00CCE314 /* SCToastView.m */ = {isa = PBXFileReference; fileEncoding = 4; lastKnownFileType = sourcecode.c.objc; path = SCToastView.m; sourceTree = "<group>"; };
		25F11B1C1CE4B9B200CCE314 /* loading_circle@2x.png */ = {isa = PBXFileReference; lastKnownFileType = image.png; path = "loading_circle@2x.png"; sourceTree = "<group>"; };
		25F11B1D1CE4B9B200CCE314 /* loading_circle@3x.png */ = {isa = PBXFileReference; lastKnownFileType = image.png; path = "loading_circle@3x.png"; sourceTree = "<group>"; };
		25F11B1E1CE4B9B200CCE314 /* loading_circle_large@2x.png */ = {isa = PBXFileReference; lastKnownFileType = image.png; path = "loading_circle_large@2x.png"; sourceTree = "<group>"; };
		25F11B1F1CE4B9B200CCE314 /* loading_circle_large@3x.png */ = {isa = PBXFileReference; lastKnownFileType = image.png; path = "loading_circle_large@3x.png"; sourceTree = "<group>"; };
		25F11B201CE4B9B200CCE314 /* trash@2x.png */ = {isa = PBXFileReference; lastKnownFileType = image.png; path = "trash@2x.png"; sourceTree = "<group>"; };
		25F11B211CE4B9B200CCE314 /* trash@3x.png */ = {isa = PBXFileReference; lastKnownFileType = image.png; path = "trash@3x.png"; sourceTree = "<group>"; };
		384034E8BE4BFE49C0B20B61 /* Pods.release.xcconfig */ = {isa = PBXFileReference; includeInIndex = 1; lastKnownFileType = text.xcconfig; name = Pods.release.xcconfig; path = "Pods/Target Support Files/Pods/Pods.release.xcconfig"; sourceTree = "<group>"; };
		97F4B8004957A955530D6645 /* Pods.debug.xcconfig */ = {isa = PBXFileReference; includeInIndex = 1; lastKnownFileType = text.xcconfig; name = Pods.debug.xcconfig; path = "Pods/Target Support Files/Pods/Pods.debug.xcconfig"; sourceTree = "<group>"; };
/* End PBXFileReference section */

/* Begin PBXFrameworksBuildPhase section */
		25F11AEA1CE4A41100CCE314 /* Frameworks */ = {
			isa = PBXFrameworksBuildPhase;
			buildActionMask = 2147483647;
			files = (
				2533F8BAEEE5A40878D893A1 /* libPods.a in Frameworks */,
			);
			runOnlyForDeploymentPostprocessing = 0;
		};
/* End PBXFrameworksBuildPhase section */

/* Begin PBXGroup section */
		25F11AE41CE4A41100CCE314 = {
			isa = PBXGroup;
			children = (
				25F11AEF1CE4A41100CCE314 /* SCPictureBrowser */,
				25F11AEE1CE4A41100CCE314 /* Products */,
				BFBBEA129E503FDA126EFD2C /* Pods */,
				7BCBC000F726A2AA21E322F4 /* Frameworks */,
			);
			sourceTree = "<group>";
		};
		25F11AEE1CE4A41100CCE314 /* Products */ = {
			isa = PBXGroup;
			children = (
				25F11AED1CE4A41100CCE314 /* SCPictureBrowser.app */,
			);
			name = Products;
			sourceTree = "<group>";
		};
		25F11AEF1CE4A41100CCE314 /* SCPictureBrowser */ = {
			isa = PBXGroup;
			children = (
				25F11B1B1CE4B9B200CCE314 /* Assets */,
				25F11B071CE4A52F00CCE314 /* SCPictureBrowser */,
				25F11AF31CE4A41100CCE314 /* AppDelegate.h */,
				25F11AF41CE4A41100CCE314 /* AppDelegate.m */,
				25F11AF61CE4A41100CCE314 /* ViewController.h */,
				25F11AF71CE4A41100CCE314 /* ViewController.m */,
				25F11AF91CE4A41100CCE314 /* Main.storyboard */,
				25F11AFC1CE4A41100CCE314 /* Assets.xcassets */,
				25F11AFE1CE4A41100CCE314 /* LaunchScreen.storyboard */,
				25F11B011CE4A41100CCE314 /* Info.plist */,
				25F11AF01CE4A41100CCE314 /* Supporting Files */,
			);
			path = SCPictureBrowser;
			sourceTree = "<group>";
		};
		25F11AF01CE4A41100CCE314 /* Supporting Files */ = {
			isa = PBXGroup;
			children = (
				25F11AF11CE4A41100CCE314 /* main.m */,
			);
			name = "Supporting Files";
			sourceTree = "<group>";
		};
		25F11B071CE4A52F00CCE314 /* SCPictureBrowser */ = {
			isa = PBXGroup;
			children = (
				25F11B0B1CE4A52F00CCE314 /* SCPictureBrowser.h */,
				25F11B0C1CE4A52F00CCE314 /* SCPictureBrowser.m */,
				25F11B0D1CE4A52F00CCE314 /* SCPictureCell.h */,
				25F11B0E1CE4A52F00CCE314 /* SCPictureCell.m */,
				25F11B0F1CE4A52F00CCE314 /* SCPictureItem.h */,
				25F11B101CE4A52F00CCE314 /* SCPictureItem.m */,
				25F11B111CE4A52F00CCE314 /* SCToastView.h */,
				25F11B121CE4A52F00CCE314 /* SCToastView.m */,
				25F11B081CE4A52F00CCE314 /* SCActivityIndicatorView.h */,
				25F11B091CE4A52F00CCE314 /* SCActivityIndicatorView.m */,
			);
			path = SCPictureBrowser;
			sourceTree = "<group>";
		};
		25F11B1B1CE4B9B200CCE314 /* Assets */ = {
			isa = PBXGroup;
			children = (
				25F11B1C1CE4B9B200CCE314 /* loading_circle@2x.png */,
				25F11B1D1CE4B9B200CCE314 /* loading_circle@3x.png */,
				25F11B1E1CE4B9B200CCE314 /* loading_circle_large@2x.png */,
				25F11B1F1CE4B9B200CCE314 /* loading_circle_large@3x.png */,
				25F11B201CE4B9B200CCE314 /* trash@2x.png */,
				25F11B211CE4B9B200CCE314 /* trash@3x.png */,
			);
			path = Assets;
			sourceTree = "<group>";
		};
		7BCBC000F726A2AA21E322F4 /* Frameworks */ = {
			isa = PBXGroup;
			children = (
				1E202B9C53FD4890B271391D /* libPods.a */,
			);
			name = Frameworks;
			sourceTree = "<group>";
		};
		BFBBEA129E503FDA126EFD2C /* Pods */ = {
			isa = PBXGroup;
			children = (
				97F4B8004957A955530D6645 /* Pods.debug.xcconfig */,
				384034E8BE4BFE49C0B20B61 /* Pods.release.xcconfig */,
			);
			name = Pods;
			sourceTree = "<group>";
		};
/* End PBXGroup section */

/* Begin PBXNativeTarget section */
		25F11AEC1CE4A41100CCE314 /* SCPictureBrowser */ = {
			isa = PBXNativeTarget;
			buildConfigurationList = 25F11B041CE4A41100CCE314 /* Build configuration list for PBXNativeTarget "SCPictureBrowser" */;
			buildPhases = (
				E82C02CFCE8977F334D62547 /* Check Pods Manifest.lock */,
				25F11AE91CE4A41100CCE314 /* Sources */,
				25F11AEA1CE4A41100CCE314 /* Frameworks */,
				25F11AEB1CE4A41100CCE314 /* Resources */,
				2FB92309FF23DE5EB8CFB4DB /* Embed Pods Frameworks */,
				DC6EDB2B6723A0278D8B6315 /* Copy Pods Resources */,
			);
			buildRules = (
			);
			dependencies = (
			);
			name = SCPictureBrowser;
			productName = SCPictureBrowser;
			productReference = 25F11AED1CE4A41100CCE314 /* SCPictureBrowser.app */;
			productType = "com.apple.product-type.application";
		};
/* End PBXNativeTarget section */

/* Begin PBXProject section */
		25F11AE51CE4A41100CCE314 /* Project object */ = {
			isa = PBXProject;
			attributes = {
				LastUpgradeCheck = 0730;
				ORGANIZATIONNAME = sichenwang;
				TargetAttributes = {
					25F11AEC1CE4A41100CCE314 = {
						CreatedOnToolsVersion = 7.3.1;
					};
				};
			};
			buildConfigurationList = 25F11AE81CE4A41100CCE314 /* Build configuration list for PBXProject "SCPictureBrowser" */;
			compatibilityVersion = "Xcode 3.2";
			developmentRegion = English;
			hasScannedForEncodings = 0;
			knownRegions = (
				en,
				Base,
			);
			mainGroup = 25F11AE41CE4A41100CCE314;
			productRefGroup = 25F11AEE1CE4A41100CCE314 /* Products */;
			projectDirPath = "";
			projectRoot = "";
			targets = (
				25F11AEC1CE4A41100CCE314 /* SCPictureBrowser */,
			);
		};
/* End PBXProject section */

/* Begin PBXResourcesBuildPhase section */
		25F11AEB1CE4A41100CCE314 /* Resources */ = {
			isa = PBXResourcesBuildPhase;
			buildActionMask = 2147483647;
			files = (
				25F11B001CE4A41100CCE314 /* LaunchScreen.storyboard in Resources */,
				25F11B221CE4B9B200CCE314 /* loading_circle@2x.png in Resources */,
				25F11AFD1CE4A41100CCE314 /* Assets.xcassets in Resources */,
				25F11B261CE4B9B200CCE314 /* trash@2x.png in Resources */,
				25F11B251CE4B9B200CCE314 /* loading_circle_large@3x.png in Resources */,
				25F11B271CE4B9B200CCE314 /* trash@3x.png in Resources */,
				25F11AFB1CE4A41100CCE314 /* Main.storyboard in Resources */,
				25F11B231CE4B9B200CCE314 /* loading_circle@3x.png in Resources */,
				25F11B241CE4B9B200CCE314 /* loading_circle_large@2x.png in Resources */,
			);
			runOnlyForDeploymentPostprocessing = 0;
		};
/* End PBXResourcesBuildPhase section */

/* Begin PBXShellScriptBuildPhase section */
		2FB92309FF23DE5EB8CFB4DB /* Embed Pods Frameworks */ = {
			isa = PBXShellScriptBuildPhase;
			buildActionMask = 2147483647;
			files = (
			);
			inputPaths = (
			);
			name = "Embed Pods Frameworks";
			outputPaths = (
			);
			runOnlyForDeploymentPostprocessing = 0;
			shellPath = /bin/sh;
			shellScript = "\"${SRCROOT}/Pods/Target Support Files/Pods/Pods-frameworks.sh\"\n";
			showEnvVarsInLog = 0;
		};
		DC6EDB2B6723A0278D8B6315 /* Copy Pods Resources */ = {
			isa = PBXShellScriptBuildPhase;
			buildActionMask = 2147483647;
			files = (
			);
			inputPaths = (
			);
			name = "Copy Pods Resources";
			outputPaths = (
			);
			runOnlyForDeploymentPostprocessing = 0;
			shellPath = /bin/sh;
			shellScript = "\"${SRCROOT}/Pods/Target Support Files/Pods/Pods-resources.sh\"\n";
			showEnvVarsInLog = 0;
		};
		E82C02CFCE8977F334D62547 /* Check Pods Manifest.lock */ = {
			isa = PBXShellScriptBuildPhase;
			buildActionMask = 2147483647;
			files = (
			);
			inputPaths = (
			);
			name = "Check Pods Manifest.lock";
			outputPaths = (
			);
			runOnlyForDeploymentPostprocessing = 0;
			shellPath = /bin/sh;
			shellScript = "diff \"${PODS_ROOT}/../Podfile.lock\" \"${PODS_ROOT}/Manifest.lock\" > /dev/null\nif [[ $? != 0 ]] ; then\n    cat << EOM\nerror: The sandbox is not in sync with the Podfile.lock. Run 'pod install' or update your CocoaPods installation.\nEOM\n    exit 1\nfi\n";
			showEnvVarsInLog = 0;
		};
/* End PBXShellScriptBuildPhase section */

/* Begin PBXSourcesBuildPhase section */
		25F11AE91CE4A41100CCE314 /* Sources */ = {
			isa = PBXSourcesBuildPhase;
			buildActionMask = 2147483647;
			files = (
				25F11B151CE4A52F00CCE314 /* SCPictureBrowser.m in Sources */,
				25F11AF81CE4A41100CCE314 /* ViewController.m in Sources */,
				25F11AF51CE4A41100CCE314 /* AppDelegate.m in Sources */,
				25F11AF21CE4A41100CCE314 /* main.m in Sources */,
				25F11B181CE4A52F00CCE314 /* SCToastView.m in Sources */,
				25F11B161CE4A52F00CCE314 /* SCPictureCell.m in Sources */,
				25F11B171CE4A52F00CCE314 /* SCPictureItem.m in Sources */,
				25F11B131CE4A52F00CCE314 /* SCActivityIndicatorView.m in Sources */,
			);
			runOnlyForDeploymentPostprocessing = 0;
		};
/* End PBXSourcesBuildPhase section */

/* Begin PBXVariantGroup section */
		25F11AF91CE4A41100CCE314 /* Main.storyboard */ = {
			isa = PBXVariantGroup;
			children = (
				25F11AFA1CE4A41100CCE314 /* Base */,
			);
			name = Main.storyboard;
			sourceTree = "<group>";
		};
		25F11AFE1CE4A41100CCE314 /* LaunchScreen.storyboard */ = {
			isa = PBXVariantGroup;
			children = (
				25F11AFF1CE4A41100CCE314 /* Base */,
			);
			name = LaunchScreen.storyboard;
			sourceTree = "<group>";
		};
/* End PBXVariantGroup section */

/* Begin XCBuildConfiguration section */
		25F11B021CE4A41100CCE314 /* Debug */ = {
			isa = XCBuildConfiguration;
			buildSettings = {
				ALWAYS_SEARCH_USER_PATHS = NO;
				CLANG_ANALYZER_NONNULL = YES;
				CLANG_CXX_LANGUAGE_STANDARD = "gnu++0x";
				CLANG_CXX_LIBRARY = "libc++";
				CLANG_ENABLE_MODULES = YES;
				CLANG_ENABLE_OBJC_ARC = YES;
				CLANG_WARN_BOOL_CONVERSION = YES;
				CLANG_WARN_CONSTANT_CONVERSION = YES;
				CLANG_WARN_DIRECT_OBJC_ISA_USAGE = YES_ERROR;
				CLANG_WARN_EMPTY_BODY = YES;
				CLANG_WARN_ENUM_CONVERSION = YES;
				CLANG_WARN_INT_CONVERSION = YES;
				CLANG_WARN_OBJC_ROOT_CLASS = YES_ERROR;
				CLANG_WARN_UNREACHABLE_CODE = YES;
				CLANG_WARN__DUPLICATE_METHOD_MATCH = YES;
				"CODE_SIGN_IDENTITY[sdk=iphoneos*]" = "iPhone Developer";
				COPY_PHASE_STRIP = NO;
				DEBUG_INFORMATION_FORMAT = dwarf;
				ENABLE_STRICT_OBJC_MSGSEND = YES;
				ENABLE_TESTABILITY = YES;
				GCC_C_LANGUAGE_STANDARD = gnu99;
				GCC_DYNAMIC_NO_PIC = NO;
				GCC_NO_COMMON_BLOCKS = YES;
				GCC_OPTIMIZATION_LEVEL = 0;
				GCC_PREPROCESSOR_DEFINITIONS = (
					"DEBUG=1",
					"$(inherited)",
				);
				GCC_WARN_64_TO_32_BIT_CONVERSION = YES;
				GCC_WARN_ABOUT_RETURN_TYPE = YES_ERROR;
				GCC_WARN_UNDECLARED_SELECTOR = YES;
				GCC_WARN_UNINITIALIZED_AUTOS = YES_AGGRESSIVE;
				GCC_WARN_UNUSED_FUNCTION = YES;
				GCC_WARN_UNUSED_VARIABLE = YES;
				IPHONEOS_DEPLOYMENT_TARGET = 9.3;
				MTL_ENABLE_DEBUG_INFO = YES;
				ONLY_ACTIVE_ARCH = YES;
				SDKROOT = iphoneos;
				TARGETED_DEVICE_FAMILY = "1,2";
			};
			name = Debug;
		};
		25F11B031CE4A41100CCE314 /* Release */ = {
			isa = XCBuildConfiguration;
			buildSettings = {
				ALWAYS_SEARCH_USER_PATHS = NO;
				CLANG_ANALYZER_NONNULL = YES;
				CLANG_CXX_LANGUAGE_STANDARD = "gnu++0x";
				CLANG_CXX_LIBRARY = "libc++";
				CLANG_ENABLE_MODULES = YES;
				CLANG_ENABLE_OBJC_ARC = YES;
				CLANG_WARN_BOOL_CONVERSION = YES;
				CLANG_WARN_CONSTANT_CONVERSION = YES;
				CLANG_WARN_DIRECT_OBJC_ISA_USAGE = YES_ERROR;
				CLANG_WARN_EMPTY_BODY = YES;
				CLANG_WARN_ENUM_CONVERSION = YES;
				CLANG_WARN_INT_CONVERSION = YES;
				CLANG_WARN_OBJC_ROOT_CLASS = YES_ERROR;
				CLANG_WARN_UNREACHABLE_CODE = YES;
				CLANG_WARN__DUPLICATE_METHOD_MATCH = YES;
				"CODE_SIGN_IDENTITY[sdk=iphoneos*]" = "iPhone Developer";
				COPY_PHASE_STRIP = NO;
				DEBUG_INFORMATION_FORMAT = "dwarf-with-dsym";
				ENABLE_NS_ASSERTIONS = NO;
				ENABLE_STRICT_OBJC_MSGSEND = YES;
				GCC_C_LANGUAGE_STANDARD = gnu99;
				GCC_NO_COMMON_BLOCKS = YES;
				GCC_WARN_64_TO_32_BIT_CONVERSION = YES;
				GCC_WARN_ABOUT_RETURN_TYPE = YES_ERROR;
				GCC_WARN_UNDECLARED_SELECTOR = YES;
				GCC_WARN_UNINITIALIZED_AUTOS = YES_AGGRESSIVE;
				GCC_WARN_UNUSED_FUNCTION = YES;
				GCC_WARN_UNUSED_VARIABLE = YES;
				IPHONEOS_DEPLOYMENT_TARGET = 9.3;
				MTL_ENABLE_DEBUG_INFO = NO;
				SDKROOT = iphoneos;
				TARGETED_DEVICE_FAMILY = "1,2";
				VALIDATE_PRODUCT = YES;
			};
			name = Release;
		};
		25F11B051CE4A41100CCE314 /* Debug */ = {
			isa = XCBuildConfiguration;
			baseConfigurationReference = 97F4B8004957A955530D6645 /* Pods.debug.xcconfig */;
			buildSettings = {
				ALWAYS_SEARCH_USER_PATHS = NO;
				ASSETCATALOG_COMPILER_APPICON_NAME = AppIcon;
				INFOPLIST_FILE = SCPictureBrowser/Info.plist;
				LD_RUNPATH_SEARCH_PATHS = "$(inherited) @executable_path/Frameworks";
				PRODUCT_BUNDLE_IDENTIFIER = com.meilishuo.SCPictureBrowser;
				PRODUCT_NAME = "$(TARGET_NAME)";
				USER_HEADER_SEARCH_PATHS = "";
			};
			name = Debug;
		};
		25F11B061CE4A41100CCE314 /* Release */ = {
			isa = XCBuildConfiguration;
			baseConfigurationReference = 384034E8BE4BFE49C0B20B61 /* Pods.release.xcconfig */;
			buildSettings = {
				ALWAYS_SEARCH_USER_PATHS = NO;
				ASSETCATALOG_COMPILER_APPICON_NAME = AppIcon;
				INFOPLIST_FILE = SCPictureBrowser/Info.plist;
				LD_RUNPATH_SEARCH_PATHS = "$(inherited) @executable_path/Frameworks";
				PRODUCT_BUNDLE_IDENTIFIER = com.meilishuo.SCPictureBrowser;
				PRODUCT_NAME = "$(TARGET_NAME)";
				USER_HEADER_SEARCH_PATHS = "";
			};
			name = Release;
		};
/* End XCBuildConfiguration section */

/* Begin XCConfigurationList section */
		25F11AE81CE4A41100CCE314 /* Build configuration list for PBXProject "SCPictureBrowser" */ = {
			isa = XCConfigurationList;
			buildConfigurations = (
				25F11B021CE4A41100CCE314 /* Debug */,
				25F11B031CE4A41100CCE314 /* Release */,
			);
			defaultConfigurationIsVisible = 0;
			defaultConfigurationName = Release;
		};
		25F11B041CE4A41100CCE314 /* Build configuration list for PBXNativeTarget "SCPictureBrowser" */ = {
			isa = XCConfigurationList;
			buildConfigurations = (
				25F11B051CE4A41100CCE314 /* Debug */,
				25F11B061CE4A41100CCE314 /* Release */,
			);
			defaultConfigurationIsVisible = 0;
			defaultConfigurationName = Release;
		};
/* End XCConfigurationList section */
	};
	rootObject = 25F11AE51CE4A41100CCE314 /* Project object */;
}
